// !$*UTF8*$!
{
	archiveVersion = 1;
	classes = {
	};
	objectVersion = 56;
	objects = {

/* Begin PBXBuildFile section */
		0F00F05129EAB6B300907183 /* main.swift in Sources */ = {isa = PBXBuildFile; fileRef = 0F00F05029EAB6B300907183 /* main.swift */; };
		0F00F05829EABFCB00907183 /* Hokm.swift in Sources */ = {isa = PBXBuildFile; fileRef = 0F00F05729EABFCB00907183 /* Hokm.swift */; };
		0F00F05D29EAC09100907183 /* Card.swift in Sources */ = {isa = PBXBuildFile; fileRef = 0F00F05C29EAC09100907183 /* Card.swift */; };
		0F00F06029EAC0B800907183 /* CardType.swift in Sources */ = {isa = PBXBuildFile; fileRef = 0F00F05F29EAC0B800907183 /* CardType.swift */; };
		0F00F06229EAC12B00907183 /* CardValue.swift in Sources */ = {isa = PBXBuildFile; fileRef = 0F00F06129EAC12B00907183 /* CardValue.swift */; };
		0F00F06529EAD06500907183 /* Dealer.swift in Sources */ = {isa = PBXBuildFile; fileRef = 0F00F06429EAD06500907183 /* Dealer.swift */; };
		0F00F06729EAF47C00907183 /* RoundCard.swift in Sources */ = {isa = PBXBuildFile; fileRef = 0F00F06629EAF47C00907183 /* RoundCard.swift */; };
/* End PBXBuildFile section */

/* Begin PBXCopyFilesBuildPhase section */
		0F00F04B29EAB6B200907183 /* CopyFiles */ = {
			isa = PBXCopyFilesBuildPhase;
			buildActionMask = 2147483647;
			dstPath = /usr/share/man/man1/;
			dstSubfolderSpec = 0;
			files = (
			);
			runOnlyForDeploymentPostprocessing = 1;
		};
/* End PBXCopyFilesBuildPhase section */

/* Begin PBXFileReference section */
		0F00F04D29EAB6B300907183 /* Hokm */ = {isa = PBXFileReference; explicitFileType = "compiled.mach-o.executable"; includeInIndex = 0; path = Hokm; sourceTree = BUILT_PRODUCTS_DIR; };
		0F00F05029EAB6B300907183 /* main.swift */ = {isa = PBXFileReference; lastKnownFileType = sourcecode.swift; path = main.swift; sourceTree = "<group>"; };
		0F00F05729EABFCB00907183 /* Hokm.swift */ = {isa = PBXFileReference; lastKnownFileType = sourcecode.swift; path = Hokm.swift; sourceTree = "<group>"; };
		0F00F05C29EAC09100907183 /* Card.swift */ = {isa = PBXFileReference; lastKnownFileType = sourcecode.swift; path = Card.swift; sourceTree = "<group>"; };
		0F00F05F29EAC0B800907183 /* CardType.swift */ = {isa = PBXFileReference; lastKnownFileType = sourcecode.swift; path = CardType.swift; sourceTree = "<group>"; };
		0F00F06129EAC12B00907183 /* CardValue.swift */ = {isa = PBXFileReference; lastKnownFileType = sourcecode.swift; path = CardValue.swift; sourceTree = "<group>"; };
		0F00F06429EAD06500907183 /* Dealer.swift */ = {isa = PBXFileReference; lastKnownFileType = sourcecode.swift; path = Dealer.swift; sourceTree = "<group>"; };
		0F00F06629EAF47C00907183 /* RoundCard.swift */ = {isa = PBXFileReference; lastKnownFileType = sourcecode.swift; path = RoundCard.swift; sourceTree = "<group>"; };
/* End PBXFileReference section */

/* Begin PBXFrameworksBuildPhase section */
		0F00F04A29EAB6B200907183 /* Frameworks */ = {
			isa = PBXFrameworksBuildPhase;
			buildActionMask = 2147483647;
			files = (
			);
			runOnlyForDeploymentPostprocessing = 0;
		};
/* End PBXFrameworksBuildPhase section */

/* Begin PBXGroup section */
		0F00F04429EAB6B200907183 = {
			isa = PBXGroup;
			children = (
				0F00F04F29EAB6B300907183 /* Hokm */,
				0F00F04E29EAB6B300907183 /* Products */,
			);
			sourceTree = "<group>";
		};
		0F00F04E29EAB6B300907183 /* Products */ = {
			isa = PBXGroup;
			children = (
				0F00F04D29EAB6B300907183 /* Hokm */,
			);
			name = Products;
			sourceTree = "<group>";
		};
		0F00F04F29EAB6B300907183 /* Hokm */ = {
			isa = PBXGroup;
			children = (
				0F00F05E29EAC0A900907183 /* Enum */,
				0F00F05B29EAC08900907183 /* Model */,
				0F00F06329EAC5A100907183 /* Struct */,
				0F00F05029EAB6B300907183 /* main.swift */,
			);
			path = Hokm;
			sourceTree = "<group>";
		};
		0F00F05B29EAC08900907183 /* Model */ = {
			isa = PBXGroup;
			children = (
				0F00F05C29EAC09100907183 /* Card.swift */,
				0F00F06629EAF47C00907183 /* RoundCard.swift */,
			);
			path = Model;
			sourceTree = "<group>";
		};
		0F00F05E29EAC0A900907183 /* Enum */ = {
			isa = PBXGroup;
			children = (
				0F00F05F29EAC0B800907183 /* CardType.swift */,
				0F00F06129EAC12B00907183 /* CardValue.swift */,
			);
			path = Enum;
			sourceTree = "<group>";
		};
		0F00F06329EAC5A100907183 /* Struct */ = {
			isa = PBXGroup;
			children = (
				0F00F05729EABFCB00907183 /* Hokm.swift */,
				0F00F06429EAD06500907183 /* Dealer.swift */,
			);
			path = Struct;
			sourceTree = "<group>";
		};
/* End PBXGroup section */

/* Begin PBXNativeTarget section */
		0F00F04C29EAB6B200907183 /* Hokm */ = {
			isa = PBXNativeTarget;
			buildConfigurationList = 0F00F05429EAB6B300907183 /* Build configuration list for PBXNativeTarget "Hokm" */;
			buildPhases = (
				0F00F04929EAB6B200907183 /* Sources */,
				0F00F04A29EAB6B200907183 /* Frameworks */,
				0F00F04B29EAB6B200907183 /* CopyFiles */,
			);
			buildRules = (
			);
			dependencies = (
			);
			name = Hokm;
			productName = Hokm;
			productReference = 0F00F04D29EAB6B300907183 /* Hokm */;
			productType = "com.apple.product-type.tool";
		};
/* End PBXNativeTarget section */

/* Begin PBXProject section */
		0F00F04529EAB6B200907183 /* Project object */ = {
			isa = PBXProject;
			attributes = {
				BuildIndependentTargetsInParallel = 1;
				LastSwiftUpdateCheck = 1430;
				LastUpgradeCheck = 1430;
				TargetAttributes = {
					0F00F04C29EAB6B200907183 = {
						CreatedOnToolsVersion = 14.3;
					};
				};
			};
			buildConfigurationList = 0F00F04829EAB6B200907183 /* Build configuration list for PBXProject "Hokm" */;
			compatibilityVersion = "Xcode 14.0";
			developmentRegion = en;
			hasScannedForEncodings = 0;
			knownRegions = (
				en,
				Base,
			);
			mainGroup = 0F00F04429EAB6B200907183;
			productRefGroup = 0F00F04E29EAB6B300907183 /* Products */;
			projectDirPath = "";
			projectRoot = "";
			targets = (
				0F00F04C29EAB6B200907183 /* Hokm */,
			);
		};
/* End PBXProject section */

/* Begin PBXSourcesBuildPhase section */
		0F00F04929EAB6B200907183 /* Sources */ = {
			isa = PBXSourcesBuildPhase;
			buildActionMask = 2147483647;
			files = (
				0F00F05829EABFCB00907183 /* Hokm.swift in Sources */,
				0F00F05129EAB6B300907183 /* main.swift in Sources */,
				0F00F06529EAD06500907183 /* Dealer.swift in Sources */,
				0F00F06029EAC0B800907183 /* CardType.swift in Sources */,
				0F00F05D29EAC09100907183 /* Card.swift in Sources */,
				0F00F06729EAF47C00907183 /* RoundCard.swift in Sources */,
				0F00F06229EAC12B00907183 /* CardValue.swift in Sources */,
			);
			runOnlyForDeploymentPostprocessing = 0;
		};
/* End PBXSourcesBuildPhase section */

/* Begin XCBuildConfiguration section */
		0F00F05229EAB6B300907183 /* Debug */ = {
			isa = XCBuildConfiguration;
			buildSettings = {
				ALWAYS_SEARCH_USER_PATHS = NO;
				CLANG_ANALYZER_NONNULL = YES;
				CLANG_ANALYZER_NUMBER_OBJECT_CONVERSION = YES_AGGRESSIVE;
				CLANG_CXX_LANGUAGE_STANDARD = "gnu++20";
				CLANG_ENABLE_MODULES = YES;
				CLANG_ENABLE_OBJC_ARC = YES;
				CLANG_ENABLE_OBJC_WEAK = YES;
				CLANG_WARN_BLOCK_CAPTURE_AUTORELEASING = YES;
				CLANG_WARN_BOOL_CONVERSION = YES;
				CLANG_WARN_COMMA = YES;
				CLANG_WARN_CONSTANT_CONVERSION = YES;
				CLANG_WARN_DEPRECATED_OBJC_IMPLEMENTATIONS = YES;
				CLANG_WARN_DIRECT_OBJC_ISA_USAGE = YES_ERROR;
				CLANG_WARN_DOCUMENTATION_COMMENTS = YES;
				CLANG_WARN_EMPTY_BODY = YES;
				CLANG_WARN_ENUM_CONVERSION = YES;
				CLANG_WARN_INFINITE_RECURSION = YES;
				CLANG_WARN_INT_CONVERSION = YES;
				CLANG_WARN_NON_LITERAL_NULL_CONVERSION = YES;
				CLANG_WARN_OBJC_IMPLICIT_RETAIN_SELF = YES;
				CLANG_WARN_OBJC_LITERAL_CONVERSION = YES;
				CLANG_WARN_OBJC_ROOT_CLASS = YES_ERROR;
				CLANG_WARN_QUOTED_INCLUDE_IN_FRAMEWORK_HEADER = YES;
				CLANG_WARN_RANGE_LOOP_ANALYSIS = YES;
				CLANG_WARN_STRICT_PROTOTYPES = YES;
				CLANG_WARN_SUSPICIOUS_MOVE = YES;
				CLANG_WARN_UNGUARDED_AVAILABILITY = YES_AGGRESSIVE;
				CLANG_WARN_UNREACHABLE_CODE = YES;
				CLANG_WARN__DUPLICATE_METHOD_MATCH = YES;
				COPY_PHASE_STRIP = NO;
				DEBUG_INFORMATION_FORMAT = dwarf;
				ENABLE_STRICT_OBJC_MSGSEND = YES;
				ENABLE_TESTABILITY = YES;
				GCC_C_LANGUAGE_STANDARD = gnu11;
				GCC_DYNAMIC_NO_PIC = NO;
				GCC_NO_COMMON_BLOCKS = YES;
				GCC_OPTIMIZATION_LEVEL = 0;
				GCC_PREPROCESSOR_DEFINITIONS = (
					"DEBUG=1",
					"$(inherited)",
				);
				GCC_WARN_64_TO_32_BIT_CONVERSION = YES;
				GCC_WARN_ABOUT_RETURN_TYPE = YES_ERROR;
				GCC_WARN_UNDECLARED_SELECTOR = YES;
				GCC_WARN_UNINITIALIZED_AUTOS = YES_AGGRESSIVE;
				GCC_WARN_UNUSED_FUNCTION = YES;
				GCC_WARN_UNUSED_VARIABLE = YES;
				MACOSX_DEPLOYMENT_TARGET = 13.3;
				MTL_ENABLE_DEBUG_INFO = INCLUDE_SOURCE;
				MTL_FAST_MATH = YES;
				ONLY_ACTIVE_ARCH = YES;
				SDKROOT = macosx;
				SWIFT_ACTIVE_COMPILATION_CONDITIONS = DEBUG;
				SWIFT_OPTIMIZATION_LEVEL = "-Onone";
			};
			name = Debug;
		};
		0F00F05329EAB6B300907183 /* Release */ = {
			isa = XCBuildConfiguration;
			buildSettings = {
				ALWAYS_SEARCH_USER_PATHS = NO;
				CLANG_ANALYZER_NONNULL = YES;
				CLANG_ANALYZER_NUMBER_OBJECT_CONVERSION = YES_AGGRESSIVE;
				CLANG_CXX_LANGUAGE_STANDARD = "gnu++20";
				CLANG_ENABLE_MODULES = YES;
				CLANG_ENABLE_OBJC_ARC = YES;
				CLANG_ENABLE_OBJC_WEAK = YES;
				CLANG_WARN_BLOCK_CAPTURE_AUTORELEASING = YES;
				CLANG_WARN_BOOL_CONVERSION = YES;
				CLANG_WARN_COMMA = YES;
				CLANG_WARN_CONSTANT_CONVERSION = YES;
				CLANG_WARN_DEPRECATED_OBJC_IMPLEMENTATIONS = YES;
				CLANG_WARN_DIRECT_OBJC_ISA_USAGE = YES_ERROR;
				CLANG_WARN_DOCUMENTATION_COMMENTS = YES;
				CLANG_WARN_EMPTY_BODY = YES;
				CLANG_WARN_ENUM_CONVERSION = YES;
				CLANG_WARN_INFINITE_RECURSION = YES;
				CLANG_WARN_INT_CONVERSION = YES;
				CLANG_WARN_NON_LITERAL_NULL_CONVERSION = YES;
				CLANG_WARN_OBJC_IMPLICIT_RETAIN_SELF = YES;
				CLANG_WARN_OBJC_LITERAL_CONVERSION = YES;
				CLANG_WARN_OBJC_ROOT_CLASS = YES_ERROR;
				CLANG_WARN_QUOTED_INCLUDE_IN_FRAMEWORK_HEADER = YES;
				CLANG_WARN_RANGE_LOOP_ANALYSIS = YES;
				CLANG_WARN_STRICT_PROTOTYPES = YES;
				CLANG_WARN_SUSPICIOUS_MOVE = YES;
				CLANG_WARN_UNGUARDED_AVAILABILITY = YES_AGGRESSIVE;
				CLANG_WARN_UNREACHABLE_CODE = YES;
				CLANG_WARN__DUPLICATE_METHOD_MATCH = YES;
				COPY_PHASE_STRIP = NO;
				DEBUG_INFORMATION_FORMAT = "dwarf-with-dsym";
				ENABLE_NS_ASSERTIONS = NO;
				ENABLE_STRICT_OBJC_MSGSEND = YES;
				GCC_C_LANGUAGE_STANDARD = gnu11;
				GCC_NO_COMMON_BLOCKS = YES;
				GCC_WARN_64_TO_32_BIT_CONVERSION = YES;
				GCC_WARN_ABOUT_RETURN_TYPE = YES_ERROR;
				GCC_WARN_UNDECLARED_SELECTOR = YES;
				GCC_WARN_UNINITIALIZED_AUTOS = YES_AGGRESSIVE;
				GCC_WARN_UNUSED_FUNCTION = YES;
				GCC_WARN_UNUSED_VARIABLE = YES;
				MACOSX_DEPLOYMENT_TARGET = 13.3;
				MTL_ENABLE_DEBUG_INFO = NO;
				MTL_FAST_MATH = YES;
				SDKROOT = macosx;
				SWIFT_COMPILATION_MODE = wholemodule;
				SWIFT_OPTIMIZATION_LEVEL = "-O";
			};
			name = Release;
		};
		0F00F05529EAB6B300907183 /* Debug */ = {
			isa = XCBuildConfiguration;
			buildSettings = {
				CODE_SIGN_STYLE = Automatic;
				DEVELOPMENT_TEAM = 9UXCTKTSQL;
				ENABLE_HARDENED_RUNTIME = YES;
				PRODUCT_NAME = "$(TARGET_NAME)";
				SWIFT_VERSION = 5.0;
			};
			name = Debug;
		};
		0F00F05629EAB6B300907183 /* Release */ = {
			isa = XCBuildConfiguration;
			buildSettings = {
				CODE_SIGN_STYLE = Automatic;
				DEVELOPMENT_TEAM = 9UXCTKTSQL;
				ENABLE_HARDENED_RUNTIME = YES;
				PRODUCT_NAME = "$(TARGET_NAME)";
				SWIFT_VERSION = 5.0;
			};
			name = Release;
		};
/* End XCBuildConfiguration section */

/* Begin XCConfigurationList section */
		0F00F04829EAB6B200907183 /* Build configuration list for PBXProject "Hokm" */ = {
			isa = XCConfigurationList;
			buildConfigurations = (
				0F00F05229EAB6B300907183 /* Debug */,
				0F00F05329EAB6B300907183 /* Release */,
			);
			defaultConfigurationIsVisible = 0;
			defaultConfigurationName = Release;
		};
		0F00F05429EAB6B300907183 /* Build configuration list for PBXNativeTarget "Hokm" */ = {
			isa = XCConfigurationList;
			buildConfigurations = (
				0F00F05529EAB6B300907183 /* Debug */,
				0F00F05629EAB6B300907183 /* Release */,
			);
			defaultConfigurationIsVisible = 0;
			defaultConfigurationName = Release;
		};
/* End XCConfigurationList section */
	};
	rootObject = 0F00F04529EAB6B200907183 /* Project object */;
}
